// !$*UTF8*$!
{
	archiveVersion = 1;
	classes = {
	};
	objectVersion = 55;
	objects = {

/* Begin PBXBuildFile section */
		3E17BC0A286888CE00698692 /* DiagnosisPrototypeCell.swift in Sources */ = {isa = PBXBuildFile; fileRef = 3E17BC09286888CE00698692 /* DiagnosisPrototypeCell.swift */; };
		3E1953B7286A0362006AC405 /* NewVisitController.swift in Sources */ = {isa = PBXBuildFile; fileRef = 3E1953B6286A0362006AC405 /* NewVisitController.swift */; };
		3E1E06BD2822D24100B5A9D3 /* AppDelegate.swift in Sources */ = {isa = PBXBuildFile; fileRef = 3E1E06BC2822D24100B5A9D3 /* AppDelegate.swift */; };
		3E1E06BF2822D24100B5A9D3 /* SceneDelegate.swift in Sources */ = {isa = PBXBuildFile; fileRef = 3E1E06BE2822D24100B5A9D3 /* SceneDelegate.swift */; };
		3E1E06C42822D24100B5A9D3 /* Main.storyboard in Resources */ = {isa = PBXBuildFile; fileRef = 3E1E06C22822D24100B5A9D3 /* Main.storyboard */; };
		3E1E06C62822D24200B5A9D3 /* Assets.xcassets in Resources */ = {isa = PBXBuildFile; fileRef = 3E1E06C52822D24200B5A9D3 /* Assets.xcassets */; };
		3E1E06C92822D24200B5A9D3 /* LaunchScreen.storyboard in Resources */ = {isa = PBXBuildFile; fileRef = 3E1E06C72822D24200B5A9D3 /* LaunchScreen.storyboard */; };
		3E1E06D12822D4BE00B5A9D3 /* TabbarController.swift in Sources */ = {isa = PBXBuildFile; fileRef = 3E1E06D02822D4BE00B5A9D3 /* TabbarController.swift */; };
		3E1E06DB2822D75800B5A9D3 /* SettingsTableViewController.swift in Sources */ = {isa = PBXBuildFile; fileRef = 3E1E06DA2822D75800B5A9D3 /* SettingsTableViewController.swift */; };
		3E1E06DD2822D76A00B5A9D3 /* DoctorsTableViewController.swift in Sources */ = {isa = PBXBuildFile; fileRef = 3E1E06DC2822D76A00B5A9D3 /* DoctorsTableViewController.swift */; };
		3E1E06DF2822D77900B5A9D3 /* PillsTableViewController.swift in Sources */ = {isa = PBXBuildFile; fileRef = 3E1E06DE2822D77900B5A9D3 /* PillsTableViewController.swift */; };
		3E1E06E12822D78800B5A9D3 /* CardTableViewController.swift in Sources */ = {isa = PBXBuildFile; fileRef = 3E1E06E02822D78800B5A9D3 /* CardTableViewController.swift */; };
		3E1E06E92822D9C300B5A9D3 /* PillsTableViewCell.swift in Sources */ = {isa = PBXBuildFile; fileRef = 3E1E06E82822D9C300B5A9D3 /* PillsTableViewCell.swift */; };
		3E1EA662282894FB00818056 /* DoctorsProfessionsController.swift in Sources */ = {isa = PBXBuildFile; fileRef = 3E1EA661282894FB00818056 /* DoctorsProfessionsController.swift */; };
		3E208517286DDE1E00568524 /* MedicamentListController.swift in Sources */ = {isa = PBXBuildFile; fileRef = 3E208516286DDE1E00568524 /* MedicamentListController.swift */; };
		3E2C5101282854BF00855FB9 /* NewDoctorController.swift in Sources */ = {isa = PBXBuildFile; fileRef = 3E2C5100282854BF00855FB9 /* NewDoctorController.swift */; };
		3E2D3F9D28231998000D0944 /* FraquencyCell.swift in Sources */ = {isa = PBXBuildFile; fileRef = 3E2D3F9C28231998000D0944 /* FraquencyCell.swift */; };
		3E3123BB2831498900C58A00 /* PillsHelper.swift in Sources */ = {isa = PBXBuildFile; fileRef = 3E3123BA2831498900C58A00 /* PillsHelper.swift */; };
		3E34F50B283053A900FD99C5 /* DoctorsHelper.swift in Sources */ = {isa = PBXBuildFile; fileRef = 3E34F50A283053A900FD99C5 /* DoctorsHelper.swift */; };
		3E36CBDB284180F8009556A1 /* MedicalCardVersion2.xcdatamodeld in Sources */ = {isa = PBXBuildFile; fileRef = 3E36CBD9284180F8009556A1 /* MedicalCardVersion2.xcdatamodeld */; };
		3E36CBF82841896C009556A1 /* Doctor+CoreDataClass.swift in Sources */ = {isa = PBXBuildFile; fileRef = 3E36CBF42841896C009556A1 /* Doctor+CoreDataClass.swift */; };
		3E36CBF92841896C009556A1 /* Doctor+CoreDataProperties.swift in Sources */ = {isa = PBXBuildFile; fileRef = 3E36CBF52841896C009556A1 /* Doctor+CoreDataProperties.swift */; };
		3E36CBFA2841896C009556A1 /* Medicament+CoreDataClass.swift in Sources */ = {isa = PBXBuildFile; fileRef = 3E36CBF62841896C009556A1 /* Medicament+CoreDataClass.swift */; };
		3E36CBFB2841896C009556A1 /* Medicament+CoreDataProperties.swift in Sources */ = {isa = PBXBuildFile; fileRef = 3E36CBF72841896C009556A1 /* Medicament+CoreDataProperties.swift */; };
		3E36FB4B2847A5A300F101BC /* AnalysisCell.swift in Sources */ = {isa = PBXBuildFile; fileRef = 3E36FB492847A5A300F101BC /* AnalysisCell.swift */; };
		3E36FB4C2847A5A300F101BC /* AnalysisCell.xib in Resources */ = {isa = PBXBuildFile; fileRef = 3E36FB4A2847A5A300F101BC /* AnalysisCell.xib */; };
		3E38BD3B284263E2001A2D51 /* Diagnosis+CoreDataClass.swift in Sources */ = {isa = PBXBuildFile; fileRef = 3E38BD39284263E2001A2D51 /* Diagnosis+CoreDataClass.swift */; };
		3E38BD3C284263E2001A2D51 /* Diagnosis+CoreDataProperties.swift in Sources */ = {isa = PBXBuildFile; fileRef = 3E38BD3A284263E2001A2D51 /* Diagnosis+CoreDataProperties.swift */; };
		3E3B41042822FC9800531423 /* NewPillController.swift in Sources */ = {isa = PBXBuildFile; fileRef = 3E3B41032822FC9800531423 /* NewPillController.swift */; };
		3E3B41062823029000531423 /* PillsTypeTableViewController.swift in Sources */ = {isa = PBXBuildFile; fileRef = 3E3B41052823029000531423 /* PillsTypeTableViewController.swift */; };
		3E3B41082823031600531423 /* PillsFrequencyController.swift in Sources */ = {isa = PBXBuildFile; fileRef = 3E3B41072823031600531423 /* PillsFrequencyController.swift */; };
		3E3F1855286B30D600C00A45 /* AnalyzesLisController.swift in Sources */ = {isa = PBXBuildFile; fileRef = 3E3F1854286B30D600C00A45 /* AnalyzesLisController.swift */; };
		3E3F1858286C92C300C00A45 /* MyMedicamentController.swift in Sources */ = {isa = PBXBuildFile; fileRef = 3E3F1857286C92C300C00A45 /* MyMedicamentController.swift */; };
		3E3F185B286C943300C00A45 /* MedicamentCell.swift in Sources */ = {isa = PBXBuildFile; fileRef = 3E3F1859286C943300C00A45 /* MedicamentCell.swift */; };
		3E3F185C286C943300C00A45 /* MedicamentCell.xib in Resources */ = {isa = PBXBuildFile; fileRef = 3E3F185A286C943300C00A45 /* MedicamentCell.xib */; };
		3E43DA6228414F3C00B73761 /* MyDiagnosesController.swift in Sources */ = {isa = PBXBuildFile; fileRef = 3E43DA6128414F3C00B73761 /* MyDiagnosesController.swift */; };
		3E43DA6428414F6500B73761 /* MyVisitsToDoctorController.swift in Sources */ = {isa = PBXBuildFile; fileRef = 3E43DA6328414F6500B73761 /* MyVisitsToDoctorController.swift */; };
		3E43DA6628414F7C00B73761 /* MyAnalyzesController.swift in Sources */ = {isa = PBXBuildFile; fileRef = 3E43DA6528414F7C00B73761 /* MyAnalyzesController.swift */; };
		3E43DA78284159B300B73761 /* NewDiagnosisController.swift in Sources */ = {isa = PBXBuildFile; fileRef = 3E43DA77284159B300B73761 /* NewDiagnosisController.swift */; };
		3E43DAA328416A3F00B73761 /* DoctorsListController.swift in Sources */ = {isa = PBXBuildFile; fileRef = 3E43DAA228416A3F00B73761 /* DoctorsListController.swift */; };
		3E43DAA628416DCD00B73761 /* DoctorPrototypeCell.swift in Sources */ = {isa = PBXBuildFile; fileRef = 3E43DAA428416DCD00B73761 /* DoctorPrototypeCell.swift */; };
		3E43DAA728416DCD00B73761 /* DoctorPrototypeCell.xib in Resources */ = {isa = PBXBuildFile; fileRef = 3E43DAA528416DCD00B73761 /* DoctorPrototypeCell.xib */; };
		3E50447D284432210095A304 /* Analysis+CoreDataClass.swift in Sources */ = {isa = PBXBuildFile; fileRef = 3E50447B284432210095A304 /* Analysis+CoreDataClass.swift */; };
		3E50447E284432210095A304 /* Analysis+CoreDataProperties.swift in Sources */ = {isa = PBXBuildFile; fileRef = 3E50447C284432210095A304 /* Analysis+CoreDataProperties.swift */; };
		3E5044812844387A0095A304 /* NewAnalysisController.swift in Sources */ = {isa = PBXBuildFile; fileRef = 3E5044802844387A0095A304 /* NewAnalysisController.swift */; };
		3E504483284448EB0095A304 /* DiagnosesListController.swift in Sources */ = {isa = PBXBuildFile; fileRef = 3E504482284448EB0095A304 /* DiagnosesListController.swift */; };
		3E5F4DCD2869FBC400DDBABE /* VisitCell.swift in Sources */ = {isa = PBXBuildFile; fileRef = 3E5F4DCB2869FBC400DDBABE /* VisitCell.swift */; };
		3E5F4DCE2869FBC400DDBABE /* VisitCell.xib in Resources */ = {isa = PBXBuildFile; fileRef = 3E5F4DCC2869FBC400DDBABE /* VisitCell.xib */; };
		3E7AC4A02865FC6B00FF41E5 /* RedButton.swift in Sources */ = {isa = PBXBuildFile; fileRef = 3E7AC49F2865FC6B00FF41E5 /* RedButton.swift */; };
		3E7AC4A32866775B00FF41E5 /* MedicalAlert.swift in Sources */ = {isa = PBXBuildFile; fileRef = 3E7AC4A22866775B00FF41E5 /* MedicalAlert.swift */; };
		3E8A4BFE28688EEA00440F11 /* DiagnosisCell.swift in Sources */ = {isa = PBXBuildFile; fileRef = 3E8A4BFC28688EEA00440F11 /* DiagnosisCell.swift */; };
		3E8A4BFF28688EEA00440F11 /* DiagnosisCell.xib in Resources */ = {isa = PBXBuildFile; fileRef = 3E8A4BFD28688EEA00440F11 /* DiagnosisCell.xib */; };
		3E8A4C0228692AD800440F11 /* VisitToDoctor+CoreDataClass.swift in Sources */ = {isa = PBXBuildFile; fileRef = 3E8A4C0028692AD800440F11 /* VisitToDoctor+CoreDataClass.swift */; };
		3E8A4C0328692AD800440F11 /* VisitToDoctor+CoreDataProperties.swift in Sources */ = {isa = PBXBuildFile; fileRef = 3E8A4C0128692AD800440F11 /* VisitToDoctor+CoreDataProperties.swift */; };
		3E8A4C0628692C3C00440F11 /* WorkWithDatabase.swift in Sources */ = {isa = PBXBuildFile; fileRef = 3E8A4C0528692C3C00440F11 /* WorkWithDatabase.swift */; };
		3EA0080D2829C74700B15612 /* ProfessionsCell.swift in Sources */ = {isa = PBXBuildFile; fileRef = 3EA0080C2829C74700B15612 /* ProfessionsCell.swift */; };
		3EA008102829CD1F00B15612 /* TypicallCell.swift in Sources */ = {isa = PBXBuildFile; fileRef = 3EA0080E2829CD1F00B15612 /* TypicallCell.swift */; };
		3EA008112829CD1F00B15612 /* TypicallCell.xib in Resources */ = {isa = PBXBuildFile; fileRef = 3EA0080F2829CD1F00B15612 /* TypicallCell.xib */; };
/* End PBXBuildFile section */

/* Begin PBXFileReference section */
		3E17BC09286888CE00698692 /* DiagnosisPrototypeCell.swift */ = {isa = PBXFileReference; lastKnownFileType = sourcecode.swift; path = DiagnosisPrototypeCell.swift; sourceTree = "<group>"; };
		3E1953B6286A0362006AC405 /* NewVisitController.swift */ = {isa = PBXFileReference; lastKnownFileType = sourcecode.swift; path = NewVisitController.swift; sourceTree = "<group>"; };
		3E1E06B92822D24100B5A9D3 /* MedicalCardVersion2.app */ = {isa = PBXFileReference; explicitFileType = wrapper.application; includeInIndex = 0; path = MedicalCardVersion2.app; sourceTree = BUILT_PRODUCTS_DIR; };
		3E1E06BC2822D24100B5A9D3 /* AppDelegate.swift */ = {isa = PBXFileReference; lastKnownFileType = sourcecode.swift; path = AppDelegate.swift; sourceTree = "<group>"; };
		3E1E06BE2822D24100B5A9D3 /* SceneDelegate.swift */ = {isa = PBXFileReference; lastKnownFileType = sourcecode.swift; path = SceneDelegate.swift; sourceTree = "<group>"; };
		3E1E06C32822D24100B5A9D3 /* Base */ = {isa = PBXFileReference; lastKnownFileType = file.storyboard; name = Base; path = Base.lproj/Main.storyboard; sourceTree = "<group>"; };
		3E1E06C52822D24200B5A9D3 /* Assets.xcassets */ = {isa = PBXFileReference; lastKnownFileType = folder.assetcatalog; path = Assets.xcassets; sourceTree = "<group>"; };
		3E1E06C82822D24200B5A9D3 /* Base */ = {isa = PBXFileReference; lastKnownFileType = file.storyboard; name = Base; path = Base.lproj/LaunchScreen.storyboard; sourceTree = "<group>"; };
		3E1E06CA2822D24200B5A9D3 /* Info.plist */ = {isa = PBXFileReference; lastKnownFileType = text.plist.xml; path = Info.plist; sourceTree = "<group>"; };
		3E1E06D02822D4BE00B5A9D3 /* TabbarController.swift */ = {isa = PBXFileReference; lastKnownFileType = sourcecode.swift; path = TabbarController.swift; sourceTree = "<group>"; };
		3E1E06DA2822D75800B5A9D3 /* SettingsTableViewController.swift */ = {isa = PBXFileReference; lastKnownFileType = sourcecode.swift; path = SettingsTableViewController.swift; sourceTree = "<group>"; };
		3E1E06DC2822D76A00B5A9D3 /* DoctorsTableViewController.swift */ = {isa = PBXFileReference; lastKnownFileType = sourcecode.swift; path = DoctorsTableViewController.swift; sourceTree = "<group>"; };
		3E1E06DE2822D77900B5A9D3 /* PillsTableViewController.swift */ = {isa = PBXFileReference; lastKnownFileType = sourcecode.swift; path = PillsTableViewController.swift; sourceTree = "<group>"; };
		3E1E06E02822D78800B5A9D3 /* CardTableViewController.swift */ = {isa = PBXFileReference; lastKnownFileType = sourcecode.swift; path = CardTableViewController.swift; sourceTree = "<group>"; };
		3E1E06E82822D9C300B5A9D3 /* PillsTableViewCell.swift */ = {isa = PBXFileReference; lastKnownFileType = sourcecode.swift; path = PillsTableViewCell.swift; sourceTree = "<group>"; };
		3E1EA661282894FB00818056 /* DoctorsProfessionsController.swift */ = {isa = PBXFileReference; lastKnownFileType = sourcecode.swift; path = DoctorsProfessionsController.swift; sourceTree = "<group>"; };
		3E208516286DDE1E00568524 /* MedicamentListController.swift */ = {isa = PBXFileReference; lastKnownFileType = sourcecode.swift; path = MedicamentListController.swift; sourceTree = "<group>"; };
		3E2C5100282854BF00855FB9 /* NewDoctorController.swift */ = {isa = PBXFileReference; lastKnownFileType = sourcecode.swift; path = NewDoctorController.swift; sourceTree = "<group>"; };
		3E2D3F9C28231998000D0944 /* FraquencyCell.swift */ = {isa = PBXFileReference; lastKnownFileType = sourcecode.swift; path = FraquencyCell.swift; sourceTree = "<group>"; };
		3E3123BA2831498900C58A00 /* PillsHelper.swift */ = {isa = PBXFileReference; lastKnownFileType = sourcecode.swift; path = PillsHelper.swift; sourceTree = "<group>"; };
		3E34F50A283053A900FD99C5 /* DoctorsHelper.swift */ = {isa = PBXFileReference; lastKnownFileType = sourcecode.swift; path = DoctorsHelper.swift; sourceTree = "<group>"; };
		3E36CBDA284180F8009556A1 /* MedicalCardVersion2.xcdatamodel */ = {isa = PBXFileReference; lastKnownFileType = wrapper.xcdatamodel; path = MedicalCardVersion2.xcdatamodel; sourceTree = "<group>"; };
		3E36CBF42841896C009556A1 /* Doctor+CoreDataClass.swift */ = {isa = PBXFileReference; lastKnownFileType = sourcecode.swift; path = "Doctor+CoreDataClass.swift"; sourceTree = "<group>"; };
		3E36CBF52841896C009556A1 /* Doctor+CoreDataProperties.swift */ = {isa = PBXFileReference; lastKnownFileType = sourcecode.swift; path = "Doctor+CoreDataProperties.swift"; sourceTree = "<group>"; };
		3E36CBF62841896C009556A1 /* Medicament+CoreDataClass.swift */ = {isa = PBXFileReference; lastKnownFileType = sourcecode.swift; path = "Medicament+CoreDataClass.swift"; sourceTree = "<group>"; };
		3E36CBF72841896C009556A1 /* Medicament+CoreDataProperties.swift */ = {isa = PBXFileReference; lastKnownFileType = sourcecode.swift; path = "Medicament+CoreDataProperties.swift"; sourceTree = "<group>"; };
		3E36FB492847A5A300F101BC /* AnalysisCell.swift */ = {isa = PBXFileReference; lastKnownFileType = sourcecode.swift; path = AnalysisCell.swift; sourceTree = "<group>"; };
		3E36FB4A2847A5A300F101BC /* AnalysisCell.xib */ = {isa = PBXFileReference; lastKnownFileType = file.xib; path = AnalysisCell.xib; sourceTree = "<group>"; };
		3E38BD39284263E2001A2D51 /* Diagnosis+CoreDataClass.swift */ = {isa = PBXFileReference; lastKnownFileType = sourcecode.swift; path = "Diagnosis+CoreDataClass.swift"; sourceTree = "<group>"; };
		3E38BD3A284263E2001A2D51 /* Diagnosis+CoreDataProperties.swift */ = {isa = PBXFileReference; lastKnownFileType = sourcecode.swift; path = "Diagnosis+CoreDataProperties.swift"; sourceTree = "<group>"; };
		3E3B41032822FC9800531423 /* NewPillController.swift */ = {isa = PBXFileReference; lastKnownFileType = sourcecode.swift; path = NewPillController.swift; sourceTree = "<group>"; };
		3E3B41052823029000531423 /* PillsTypeTableViewController.swift */ = {isa = PBXFileReference; lastKnownFileType = sourcecode.swift; path = PillsTypeTableViewController.swift; sourceTree = "<group>"; };
		3E3B41072823031600531423 /* PillsFrequencyController.swift */ = {isa = PBXFileReference; lastKnownFileType = sourcecode.swift; path = PillsFrequencyController.swift; sourceTree = "<group>"; };
		3E3F1854286B30D600C00A45 /* AnalyzesLisController.swift */ = {isa = PBXFileReference; lastKnownFileType = sourcecode.swift; path = AnalyzesLisController.swift; sourceTree = "<group>"; };
		3E3F1857286C92C300C00A45 /* MyMedicamentController.swift */ = {isa = PBXFileReference; lastKnownFileType = sourcecode.swift; path = MyMedicamentController.swift; sourceTree = "<group>"; };
		3E3F1859286C943300C00A45 /* MedicamentCell.swift */ = {isa = PBXFileReference; lastKnownFileType = sourcecode.swift; path = MedicamentCell.swift; sourceTree = "<group>"; };
		3E3F185A286C943300C00A45 /* MedicamentCell.xib */ = {isa = PBXFileReference; lastKnownFileType = file.xib; path = MedicamentCell.xib; sourceTree = "<group>"; };
		3E43DA6128414F3C00B73761 /* MyDiagnosesController.swift */ = {isa = PBXFileReference; lastKnownFileType = sourcecode.swift; path = MyDiagnosesController.swift; sourceTree = "<group>"; };
		3E43DA6328414F6500B73761 /* MyVisitsToDoctorController.swift */ = {isa = PBXFileReference; lastKnownFileType = sourcecode.swift; path = MyVisitsToDoctorController.swift; sourceTree = "<group>"; };
		3E43DA6528414F7C00B73761 /* MyAnalyzesController.swift */ = {isa = PBXFileReference; lastKnownFileType = sourcecode.swift; path = MyAnalyzesController.swift; sourceTree = "<group>"; };
		3E43DA77284159B300B73761 /* NewDiagnosisController.swift */ = {isa = PBXFileReference; lastKnownFileType = sourcecode.swift; path = NewDiagnosisController.swift; sourceTree = "<group>"; };
		3E43DAA228416A3F00B73761 /* DoctorsListController.swift */ = {isa = PBXFileReference; lastKnownFileType = sourcecode.swift; path = DoctorsListController.swift; sourceTree = "<group>"; };
		3E43DAA428416DCD00B73761 /* DoctorPrototypeCell.swift */ = {isa = PBXFileReference; lastKnownFileType = sourcecode.swift; path = DoctorPrototypeCell.swift; sourceTree = "<group>"; };
		3E43DAA528416DCD00B73761 /* DoctorPrototypeCell.xib */ = {isa = PBXFileReference; lastKnownFileType = file.xib; path = DoctorPrototypeCell.xib; sourceTree = "<group>"; };
		3E50447B284432210095A304 /* Analysis+CoreDataClass.swift */ = {isa = PBXFileReference; lastKnownFileType = sourcecode.swift; path = "Analysis+CoreDataClass.swift"; sourceTree = "<group>"; };
		3E50447C284432210095A304 /* Analysis+CoreDataProperties.swift */ = {isa = PBXFileReference; lastKnownFileType = sourcecode.swift; path = "Analysis+CoreDataProperties.swift"; sourceTree = "<group>"; };
		3E5044802844387A0095A304 /* NewAnalysisController.swift */ = {isa = PBXFileReference; lastKnownFileType = sourcecode.swift; path = NewAnalysisController.swift; sourceTree = "<group>"; };
		3E504482284448EB0095A304 /* DiagnosesListController.swift */ = {isa = PBXFileReference; lastKnownFileType = sourcecode.swift; path = DiagnosesListController.swift; sourceTree = "<group>"; };
		3E5F4DCB2869FBC400DDBABE /* VisitCell.swift */ = {isa = PBXFileReference; lastKnownFileType = sourcecode.swift; path = VisitCell.swift; sourceTree = "<group>"; };
		3E5F4DCC2869FBC400DDBABE /* VisitCell.xib */ = {isa = PBXFileReference; lastKnownFileType = file.xib; path = VisitCell.xib; sourceTree = "<group>"; };
		3E7AC49F2865FC6B00FF41E5 /* RedButton.swift */ = {isa = PBXFileReference; lastKnownFileType = sourcecode.swift; path = RedButton.swift; sourceTree = "<group>"; };
		3E7AC4A22866775B00FF41E5 /* MedicalAlert.swift */ = {isa = PBXFileReference; lastKnownFileType = sourcecode.swift; path = MedicalAlert.swift; sourceTree = "<group>"; };
		3E8A4BFC28688EEA00440F11 /* DiagnosisCell.swift */ = {isa = PBXFileReference; lastKnownFileType = sourcecode.swift; path = DiagnosisCell.swift; sourceTree = "<group>"; };
		3E8A4BFD28688EEA00440F11 /* DiagnosisCell.xib */ = {isa = PBXFileReference; lastKnownFileType = file.xib; path = DiagnosisCell.xib; sourceTree = "<group>"; };
		3E8A4C0028692AD800440F11 /* VisitToDoctor+CoreDataClass.swift */ = {isa = PBXFileReference; lastKnownFileType = sourcecode.swift; path = "VisitToDoctor+CoreDataClass.swift"; sourceTree = "<group>"; };
		3E8A4C0128692AD800440F11 /* VisitToDoctor+CoreDataProperties.swift */ = {isa = PBXFileReference; lastKnownFileType = sourcecode.swift; path = "VisitToDoctor+CoreDataProperties.swift"; sourceTree = "<group>"; };
		3E8A4C0528692C3C00440F11 /* WorkWithDatabase.swift */ = {isa = PBXFileReference; lastKnownFileType = sourcecode.swift; path = WorkWithDatabase.swift; sourceTree = "<group>"; };
		3EA0080C2829C74700B15612 /* ProfessionsCell.swift */ = {isa = PBXFileReference; lastKnownFileType = sourcecode.swift; path = ProfessionsCell.swift; sourceTree = "<group>"; };
		3EA0080E2829CD1F00B15612 /* TypicallCell.swift */ = {isa = PBXFileReference; lastKnownFileType = sourcecode.swift; path = TypicallCell.swift; sourceTree = "<group>"; };
		3EA0080F2829CD1F00B15612 /* TypicallCell.xib */ = {isa = PBXFileReference; lastKnownFileType = file.xib; path = TypicallCell.xib; sourceTree = "<group>"; };
/* End PBXFileReference section */

/* Begin PBXFrameworksBuildPhase section */
		3E1E06B62822D24100B5A9D3 /* Frameworks */ = {
			isa = PBXFrameworksBuildPhase;
			buildActionMask = 2147483647;
			files = (
			);
			runOnlyForDeploymentPostprocessing = 0;
		};
/* End PBXFrameworksBuildPhase section */

/* Begin PBXGroup section */
		3E1E06B02822D24100B5A9D3 = {
			isa = PBXGroup;
			children = (
				3E8A4C0028692AD800440F11 /* VisitToDoctor+CoreDataClass.swift */,
				3E8A4C0128692AD800440F11 /* VisitToDoctor+CoreDataProperties.swift */,
				3E50447B284432210095A304 /* Analysis+CoreDataClass.swift */,
				3E50447C284432210095A304 /* Analysis+CoreDataProperties.swift */,
				3E38BD39284263E2001A2D51 /* Diagnosis+CoreDataClass.swift */,
				3E38BD3A284263E2001A2D51 /* Diagnosis+CoreDataProperties.swift */,
				3E36CBF42841896C009556A1 /* Doctor+CoreDataClass.swift */,
				3E36CBF52841896C009556A1 /* Doctor+CoreDataProperties.swift */,
				3E36CBF62841896C009556A1 /* Medicament+CoreDataClass.swift */,
				3E36CBF72841896C009556A1 /* Medicament+CoreDataProperties.swift */,
				3E1E06BB2822D24100B5A9D3 /* MedicalCardVersion2 */,
				3E1E06BA2822D24100B5A9D3 /* Products */,
			);
			sourceTree = "<group>";
		};
		3E1E06BA2822D24100B5A9D3 /* Products */ = {
			isa = PBXGroup;
			children = (
				3E1E06B92822D24100B5A9D3 /* MedicalCardVersion2.app */,
			);
			name = Products;
			sourceTree = "<group>";
		};
		3E1E06BB2822D24100B5A9D3 /* MedicalCardVersion2 */ = {
			isa = PBXGroup;
			children = (
				3E8A4C0428692C0E00440F11 /* Extensions */,
				3E34F5092830539600FD99C5 /* Helpers */,
				3E1EA66328289B1900818056 /* Views */,
				3E1E06E22822D8C800B5A9D3 /* Controllers */,
				3E1E06D42822D6C900B5A9D3 /* Main */,
				3E1E06D32822D69B00B5A9D3 /* Application */,
				3E1E06C52822D24200B5A9D3 /* Assets.xcassets */,
				3E1E06CA2822D24200B5A9D3 /* Info.plist */,
				3E36CBD9284180F8009556A1 /* MedicalCardVersion2.xcdatamodeld */,
			);
			path = MedicalCardVersion2;
			sourceTree = "<group>";
		};
		3E1E06D32822D69B00B5A9D3 /* Application */ = {
			isa = PBXGroup;
			children = (
				3E1E06BE2822D24100B5A9D3 /* SceneDelegate.swift */,
				3E1E06BC2822D24100B5A9D3 /* AppDelegate.swift */,
			);
			path = Application;
			sourceTree = "<group>";
		};
		3E1E06D42822D6C900B5A9D3 /* Main */ = {
			isa = PBXGroup;
			children = (
				3E1E06C22822D24100B5A9D3 /* Main.storyboard */,
				3E1E06C72822D24200B5A9D3 /* LaunchScreen.storyboard */,
				3E1E06D02822D4BE00B5A9D3 /* TabbarController.swift */,
			);
			path = Main;
			sourceTree = "<group>";
		};
		3E1E06D52822D70200B5A9D3 /* Card */ = {
			isa = PBXGroup;
			children = (
				3E3F1856286C915C00C00A45 /* MyMedicament */,
				3E5F4DCA2869F8F800DDBABE /* MyVisitToDoctor */,
				3E50447F284432520095A304 /* MyAnalyzes */,
				3E43DAA128416A1100B73761 /* MyDiagnoses */,
				3E1E06E02822D78800B5A9D3 /* CardTableViewController.swift */,
			);
			path = Card;
			sourceTree = "<group>";
		};
		3E1E06D72822D71A00B5A9D3 /* Pills */ = {
			isa = PBXGroup;
			children = (
				3E1E06DE2822D77900B5A9D3 /* PillsTableViewController.swift */,
				3E1E06E82822D9C300B5A9D3 /* PillsTableViewCell.swift */,
				3E3B41052823029000531423 /* PillsTypeTableViewController.swift */,
				3E3B41072823031600531423 /* PillsFrequencyController.swift */,
				3E2D3F9C28231998000D0944 /* FraquencyCell.swift */,
			);
			path = Pills;
			sourceTree = "<group>";
		};
		3E1E06D82822D72800B5A9D3 /* Doctors */ = {
			isa = PBXGroup;
			children = (
				3E1E06DC2822D76A00B5A9D3 /* DoctorsTableViewController.swift */,
				3E2C5100282854BF00855FB9 /* NewDoctorController.swift */,
				3E1EA661282894FB00818056 /* DoctorsProfessionsController.swift */,
				3EA0080C2829C74700B15612 /* ProfessionsCell.swift */,
			);
			path = Doctors;
			sourceTree = "<group>";
		};
		3E1E06D92822D73100B5A9D3 /* Settings */ = {
			isa = PBXGroup;
			children = (
				3E1E06DA2822D75800B5A9D3 /* SettingsTableViewController.swift */,
			);
			path = Settings;
			sourceTree = "<group>";
		};
		3E1E06E22822D8C800B5A9D3 /* Controllers */ = {
			isa = PBXGroup;
			children = (
				3E1E06D52822D70200B5A9D3 /* Card */,
				3E1E06D72822D71A00B5A9D3 /* Pills */,
				3E1E06D82822D72800B5A9D3 /* Doctors */,
				3E1E06D92822D73100B5A9D3 /* Settings */,
			);
			path = Controllers;
			sourceTree = "<group>";
		};
		3E1EA66328289B1900818056 /* Views */ = {
			isa = PBXGroup;
			children = (
				3E7AC4A12866773C00FF41E5 /* Views */,
				3E4641502865FBE900F653F7 /* Cells */,
			);
			path = Views;
			sourceTree = "<group>";
		};
		3E34F5092830539600FD99C5 /* Helpers */ = {
			isa = PBXGroup;
			children = (
				3E34F50A283053A900FD99C5 /* DoctorsHelper.swift */,
				3E3123BA2831498900C58A00 /* PillsHelper.swift */,
			);
			path = Helpers;
			sourceTree = "<group>";
		};
		3E3F1856286C915C00C00A45 /* MyMedicament */ = {
			isa = PBXGroup;
			children = (
				3E3F1857286C92C300C00A45 /* MyMedicamentController.swift */,
				3E3B41032822FC9800531423 /* NewPillController.swift */,
			);
			path = MyMedicament;
			sourceTree = "<group>";
		};
		3E43DAA128416A1100B73761 /* MyDiagnoses */ = {
			isa = PBXGroup;
			children = (
				3E43DA77284159B300B73761 /* NewDiagnosisController.swift */,
				3E43DA6128414F3C00B73761 /* MyDiagnosesController.swift */,
				3E43DAA228416A3F00B73761 /* DoctorsListController.swift */,
			);
			path = MyDiagnoses;
			sourceTree = "<group>";
		};
		3E4641502865FBE900F653F7 /* Cells */ = {
			isa = PBXGroup;
			children = (
				3EA0080E2829CD1F00B15612 /* TypicallCell.swift */,
				3EA0080F2829CD1F00B15612 /* TypicallCell.xib */,
				3E43DAA428416DCD00B73761 /* DoctorPrototypeCell.swift */,
				3E43DAA528416DCD00B73761 /* DoctorPrototypeCell.xib */,
				3E36FB492847A5A300F101BC /* AnalysisCell.swift */,
				3E36FB4A2847A5A300F101BC /* AnalysisCell.xib */,
				3E17BC09286888CE00698692 /* DiagnosisPrototypeCell.swift */,
				3E8A4BFC28688EEA00440F11 /* DiagnosisCell.swift */,
				3E8A4BFD28688EEA00440F11 /* DiagnosisCell.xib */,
				3E5F4DCB2869FBC400DDBABE /* VisitCell.swift */,
				3E5F4DCC2869FBC400DDBABE /* VisitCell.xib */,
				3E3F1859286C943300C00A45 /* MedicamentCell.swift */,
				3E3F185A286C943300C00A45 /* MedicamentCell.xib */,
			);
			path = Cells;
			sourceTree = "<group>";
		};
		3E50447F284432520095A304 /* MyAnalyzes */ = {
			isa = PBXGroup;
			children = (
				3E43DA6528414F7C00B73761 /* MyAnalyzesController.swift */,
				3E5044802844387A0095A304 /* NewAnalysisController.swift */,
				3E504482284448EB0095A304 /* DiagnosesListController.swift */,
			);
			path = MyAnalyzes;
			sourceTree = "<group>";
		};
		3E5F4DCA2869F8F800DDBABE /* MyVisitToDoctor */ = {
			isa = PBXGroup;
			children = (
				3E43DA6328414F6500B73761 /* MyVisitsToDoctorController.swift */,
				3E1953B6286A0362006AC405 /* NewVisitController.swift */,
				3E3F1854286B30D600C00A45 /* AnalyzesLisController.swift */,
				3E208516286DDE1E00568524 /* MedicamentListController.swift */,
			);
			path = MyVisitToDoctor;
			sourceTree = "<group>";
		};
		3E7AC4A12866773C00FF41E5 /* Views */ = {
			isa = PBXGroup;
			children = (
				3E7AC49F2865FC6B00FF41E5 /* RedButton.swift */,
				3E7AC4A22866775B00FF41E5 /* MedicalAlert.swift */,
			);
			path = Views;
			sourceTree = "<group>";
		};
		3E8A4C0428692C0E00440F11 /* Extensions */ = {
			isa = PBXGroup;
			children = (
				3E8A4C0528692C3C00440F11 /* WorkWithDatabase.swift */,
			);
			path = Extensions;
			sourceTree = "<group>";
		};
/* End PBXGroup section */

/* Begin PBXNativeTarget section */
		3E1E06B82822D24100B5A9D3 /* MedicalCardVersion2 */ = {
			isa = PBXNativeTarget;
			buildConfigurationList = 3E1E06CD2822D24200B5A9D3 /* Build configuration list for PBXNativeTarget "MedicalCardVersion2" */;
			buildPhases = (
				3E1E06B52822D24100B5A9D3 /* Sources */,
				3E1E06B62822D24100B5A9D3 /* Frameworks */,
				3E1E06B72822D24100B5A9D3 /* Resources */,
			);
			buildRules = (
			);
			dependencies = (
			);
			name = MedicalCardVersion2;
			productName = MedicalCardVersion2;
			productReference = 3E1E06B92822D24100B5A9D3 /* MedicalCardVersion2.app */;
			productType = "com.apple.product-type.application";
		};
/* End PBXNativeTarget section */

/* Begin PBXProject section */
		3E1E06B12822D24100B5A9D3 /* Project object */ = {
			isa = PBXProject;
			attributes = {
				BuildIndependentTargetsInParallel = 1;
				LastSwiftUpdateCheck = 1330;
				LastUpgradeCheck = 1330;
				TargetAttributes = {
					3E1E06B82822D24100B5A9D3 = {
						CreatedOnToolsVersion = 13.3.1;
					};
				};
			};
			buildConfigurationList = 3E1E06B42822D24100B5A9D3 /* Build configuration list for PBXProject "MedicalCardVersion2" */;
			compatibilityVersion = "Xcode 13.0";
			developmentRegion = en;
			hasScannedForEncodings = 0;
			knownRegions = (
				en,
				Base,
			);
			mainGroup = 3E1E06B02822D24100B5A9D3;
			productRefGroup = 3E1E06BA2822D24100B5A9D3 /* Products */;
			projectDirPath = "";
			projectRoot = "";
			targets = (
				3E1E06B82822D24100B5A9D3 /* MedicalCardVersion2 */,
			);
		};
/* End PBXProject section */

/* Begin PBXResourcesBuildPhase section */
		3E1E06B72822D24100B5A9D3 /* Resources */ = {
			isa = PBXResourcesBuildPhase;
			buildActionMask = 2147483647;
			files = (
				3E43DAA728416DCD00B73761 /* DoctorPrototypeCell.xib in Resources */,
				3E1E06C92822D24200B5A9D3 /* LaunchScreen.storyboard in Resources */,
				3E36FB4C2847A5A300F101BC /* AnalysisCell.xib in Resources */,
				3E8A4BFF28688EEA00440F11 /* DiagnosisCell.xib in Resources */,
				3E1E06C62822D24200B5A9D3 /* Assets.xcassets in Resources */,
				3E3F185C286C943300C00A45 /* MedicamentCell.xib in Resources */,
				3E5F4DCE2869FBC400DDBABE /* VisitCell.xib in Resources */,
				3E1E06C42822D24100B5A9D3 /* Main.storyboard in Resources */,
				3EA008112829CD1F00B15612 /* TypicallCell.xib in Resources */,
			);
			runOnlyForDeploymentPostprocessing = 0;
		};
/* End PBXResourcesBuildPhase section */

/* Begin PBXSourcesBuildPhase section */
		3E1E06B52822D24100B5A9D3 /* Sources */ = {
			isa = PBXSourcesBuildPhase;
			buildActionMask = 2147483647;
			files = (
				3E36CBF92841896C009556A1 /* Doctor+CoreDataProperties.swift in Sources */,
				3E3B41082823031600531423 /* PillsFrequencyController.swift in Sources */,
				3E2D3F9D28231998000D0944 /* FraquencyCell.swift in Sources */,
				3E8A4C0328692AD800440F11 /* VisitToDoctor+CoreDataProperties.swift in Sources */,
				3E43DA78284159B300B73761 /* NewDiagnosisController.swift in Sources */,
				3E43DAA328416A3F00B73761 /* DoctorsListController.swift in Sources */,
				3E3F185B286C943300C00A45 /* MedicamentCell.swift in Sources */,
				3E17BC0A286888CE00698692 /* DiagnosisPrototypeCell.swift in Sources */,
				3E3F1855286B30D600C00A45 /* AnalyzesLisController.swift in Sources */,
				3E3123BB2831498900C58A00 /* PillsHelper.swift in Sources */,
				3E8A4C0628692C3C00440F11 /* WorkWithDatabase.swift in Sources */,
				3E1E06DF2822D77900B5A9D3 /* PillsTableViewController.swift in Sources */,
				3E3B41062823029000531423 /* PillsTypeTableViewController.swift in Sources */,
				3E1E06DB2822D75800B5A9D3 /* SettingsTableViewController.swift in Sources */,
				3E7AC4A32866775B00FF41E5 /* MedicalAlert.swift in Sources */,
				3E36CBFB2841896C009556A1 /* Medicament+CoreDataProperties.swift in Sources */,
				3E1E06E12822D78800B5A9D3 /* CardTableViewController.swift in Sources */,
				3E1E06D12822D4BE00B5A9D3 /* TabbarController.swift in Sources */,
				3E43DA6228414F3C00B73761 /* MyDiagnosesController.swift in Sources */,
				3E1E06BD2822D24100B5A9D3 /* AppDelegate.swift in Sources */,
				3E43DAA628416DCD00B73761 /* DoctorPrototypeCell.swift in Sources */,
				3E36CBFA2841896C009556A1 /* Medicament+CoreDataClass.swift in Sources */,
				3E34F50B283053A900FD99C5 /* DoctorsHelper.swift in Sources */,
				3E208517286DDE1E00568524 /* MedicamentListController.swift in Sources */,
				3E36CBDB284180F8009556A1 /* MedicalCardVersion2.xcdatamodeld in Sources */,
				3E43DA6628414F7C00B73761 /* MyAnalyzesController.swift in Sources */,
				3E1EA662282894FB00818056 /* DoctorsProfessionsController.swift in Sources */,
				3E504483284448EB0095A304 /* DiagnosesListController.swift in Sources */,
				3E5F4DCD2869FBC400DDBABE /* VisitCell.swift in Sources */,
				3E36CBF82841896C009556A1 /* Doctor+CoreDataClass.swift in Sources */,
				3EA008102829CD1F00B15612 /* TypicallCell.swift in Sources */,
				3E5044812844387A0095A304 /* NewAnalysisController.swift in Sources */,
				3E1E06DD2822D76A00B5A9D3 /* DoctorsTableViewController.swift in Sources */,
				3E1E06E92822D9C300B5A9D3 /* PillsTableViewCell.swift in Sources */,
				3E1953B7286A0362006AC405 /* NewVisitController.swift in Sources */,
				3EA0080D2829C74700B15612 /* ProfessionsCell.swift in Sources */,
				3E43DA6428414F6500B73761 /* MyVisitsToDoctorController.swift in Sources */,
				3E36FB4B2847A5A300F101BC /* AnalysisCell.swift in Sources */,
				3E8A4C0228692AD800440F11 /* VisitToDoctor+CoreDataClass.swift in Sources */,
				3E3F1858286C92C300C00A45 /* MyMedicamentController.swift in Sources */,
				3E8A4BFE28688EEA00440F11 /* DiagnosisCell.swift in Sources */,
				3E1E06BF2822D24100B5A9D3 /* SceneDelegate.swift in Sources */,
				3E50447D284432210095A304 /* Analysis+CoreDataClass.swift in Sources */,
				3E2C5101282854BF00855FB9 /* NewDoctorController.swift in Sources */,
				3E7AC4A02865FC6B00FF41E5 /* RedButton.swift in Sources */,
				3E50447E284432210095A304 /* Analysis+CoreDataProperties.swift in Sources */,
				3E38BD3C284263E2001A2D51 /* Diagnosis+CoreDataProperties.swift in Sources */,
				3E3B41042822FC9800531423 /* NewPillController.swift in Sources */,
				3E38BD3B284263E2001A2D51 /* Diagnosis+CoreDataClass.swift in Sources */,
			);
			runOnlyForDeploymentPostprocessing = 0;
		};
/* End PBXSourcesBuildPhase section */

/* Begin PBXVariantGroup section */
		3E1E06C22822D24100B5A9D3 /* Main.storyboard */ = {
			isa = PBXVariantGroup;
			children = (
				3E1E06C32822D24100B5A9D3 /* Base */,
			);
			name = Main.storyboard;
			sourceTree = "<group>";
		};
		3E1E06C72822D24200B5A9D3 /* LaunchScreen.storyboard */ = {
			isa = PBXVariantGroup;
			children = (
				3E1E06C82822D24200B5A9D3 /* Base */,
			);
			name = LaunchScreen.storyboard;
			sourceTree = "<group>";
		};
/* End PBXVariantGroup section */

/* Begin XCBuildConfiguration section */
		3E1E06CB2822D24200B5A9D3 /* Debug */ = {
			isa = XCBuildConfiguration;
			buildSettings = {
				ALWAYS_SEARCH_USER_PATHS = NO;
				CLANG_ANALYZER_NONNULL = YES;
				CLANG_ANALYZER_NUMBER_OBJECT_CONVERSION = YES_AGGRESSIVE;
				CLANG_CXX_LANGUAGE_STANDARD = "gnu++17";
				CLANG_ENABLE_MODULES = YES;
				CLANG_ENABLE_OBJC_ARC = YES;
				CLANG_ENABLE_OBJC_WEAK = YES;
				CLANG_WARN_BLOCK_CAPTURE_AUTORELEASING = YES;
				CLANG_WARN_BOOL_CONVERSION = YES;
				CLANG_WARN_COMMA = YES;
				CLANG_WARN_CONSTANT_CONVERSION = YES;
				CLANG_WARN_DEPRECATED_OBJC_IMPLEMENTATIONS = YES;
				CLANG_WARN_DIRECT_OBJC_ISA_USAGE = YES_ERROR;
				CLANG_WARN_DOCUMENTATION_COMMENTS = YES;
				CLANG_WARN_EMPTY_BODY = YES;
				CLANG_WARN_ENUM_CONVERSION = YES;
				CLANG_WARN_INFINITE_RECURSION = YES;
				CLANG_WARN_INT_CONVERSION = YES;
				CLANG_WARN_NON_LITERAL_NULL_CONVERSION = YES;
				CLANG_WARN_OBJC_IMPLICIT_RETAIN_SELF = YES;
				CLANG_WARN_OBJC_LITERAL_CONVERSION = YES;
				CLANG_WARN_OBJC_ROOT_CLASS = YES_ERROR;
				CLANG_WARN_QUOTED_INCLUDE_IN_FRAMEWORK_HEADER = YES;
				CLANG_WARN_RANGE_LOOP_ANALYSIS = YES;
				CLANG_WARN_STRICT_PROTOTYPES = YES;
				CLANG_WARN_SUSPICIOUS_MOVE = YES;
				CLANG_WARN_UNGUARDED_AVAILABILITY = YES_AGGRESSIVE;
				CLANG_WARN_UNREACHABLE_CODE = YES;
				CLANG_WARN__DUPLICATE_METHOD_MATCH = YES;
				COPY_PHASE_STRIP = NO;
				DEBUG_INFORMATION_FORMAT = dwarf;
				ENABLE_STRICT_OBJC_MSGSEND = YES;
				ENABLE_TESTABILITY = YES;
				GCC_C_LANGUAGE_STANDARD = gnu11;
				GCC_DYNAMIC_NO_PIC = NO;
				GCC_NO_COMMON_BLOCKS = YES;
				GCC_OPTIMIZATION_LEVEL = 0;
				GCC_PREPROCESSOR_DEFINITIONS = (
					"DEBUG=1",
					"$(inherited)",
				);
				GCC_WARN_64_TO_32_BIT_CONVERSION = YES;
				GCC_WARN_ABOUT_RETURN_TYPE = YES_ERROR;
				GCC_WARN_UNDECLARED_SELECTOR = YES;
				GCC_WARN_UNINITIALIZED_AUTOS = YES_AGGRESSIVE;
				GCC_WARN_UNUSED_FUNCTION = YES;
				GCC_WARN_UNUSED_VARIABLE = YES;
				IPHONEOS_DEPLOYMENT_TARGET = 15.4;
				MTL_ENABLE_DEBUG_INFO = INCLUDE_SOURCE;
				MTL_FAST_MATH = YES;
				ONLY_ACTIVE_ARCH = YES;
				SDKROOT = iphoneos;
				SWIFT_ACTIVE_COMPILATION_CONDITIONS = DEBUG;
				SWIFT_OPTIMIZATION_LEVEL = "-Onone";
			};
			name = Debug;
		};
		3E1E06CC2822D24200B5A9D3 /* Release */ = {
			isa = XCBuildConfiguration;
			buildSettings = {
				ALWAYS_SEARCH_USER_PATHS = NO;
				CLANG_ANALYZER_NONNULL = YES;
				CLANG_ANALYZER_NUMBER_OBJECT_CONVERSION = YES_AGGRESSIVE;
				CLANG_CXX_LANGUAGE_STANDARD = "gnu++17";
				CLANG_ENABLE_MODULES = YES;
				CLANG_ENABLE_OBJC_ARC = YES;
				CLANG_ENABLE_OBJC_WEAK = YES;
				CLANG_WARN_BLOCK_CAPTURE_AUTORELEASING = YES;
				CLANG_WARN_BOOL_CONVERSION = YES;
				CLANG_WARN_COMMA = YES;
				CLANG_WARN_CONSTANT_CONVERSION = YES;
				CLANG_WARN_DEPRECATED_OBJC_IMPLEMENTATIONS = YES;
				CLANG_WARN_DIRECT_OBJC_ISA_USAGE = YES_ERROR;
				CLANG_WARN_DOCUMENTATION_COMMENTS = YES;
				CLANG_WARN_EMPTY_BODY = YES;
				CLANG_WARN_ENUM_CONVERSION = YES;
				CLANG_WARN_INFINITE_RECURSION = YES;
				CLANG_WARN_INT_CONVERSION = YES;
				CLANG_WARN_NON_LITERAL_NULL_CONVERSION = YES;
				CLANG_WARN_OBJC_IMPLICIT_RETAIN_SELF = YES;
				CLANG_WARN_OBJC_LITERAL_CONVERSION = YES;
				CLANG_WARN_OBJC_ROOT_CLASS = YES_ERROR;
				CLANG_WARN_QUOTED_INCLUDE_IN_FRAMEWORK_HEADER = YES;
				CLANG_WARN_RANGE_LOOP_ANALYSIS = YES;
				CLANG_WARN_STRICT_PROTOTYPES = YES;
				CLANG_WARN_SUSPICIOUS_MOVE = YES;
				CLANG_WARN_UNGUARDED_AVAILABILITY = YES_AGGRESSIVE;
				CLANG_WARN_UNREACHABLE_CODE = YES;
				CLANG_WARN__DUPLICATE_METHOD_MATCH = YES;
				COPY_PHASE_STRIP = NO;
				DEBUG_INFORMATION_FORMAT = "dwarf-with-dsym";
				ENABLE_NS_ASSERTIONS = NO;
				ENABLE_STRICT_OBJC_MSGSEND = YES;
				GCC_C_LANGUAGE_STANDARD = gnu11;
				GCC_NO_COMMON_BLOCKS = YES;
				GCC_WARN_64_TO_32_BIT_CONVERSION = YES;
				GCC_WARN_ABOUT_RETURN_TYPE = YES_ERROR;
				GCC_WARN_UNDECLARED_SELECTOR = YES;
				GCC_WARN_UNINITIALIZED_AUTOS = YES_AGGRESSIVE;
				GCC_WARN_UNUSED_FUNCTION = YES;
				GCC_WARN_UNUSED_VARIABLE = YES;
				IPHONEOS_DEPLOYMENT_TARGET = 15.4;
				MTL_ENABLE_DEBUG_INFO = NO;
				MTL_FAST_MATH = YES;
				SDKROOT = iphoneos;
				SWIFT_COMPILATION_MODE = wholemodule;
				SWIFT_OPTIMIZATION_LEVEL = "-O";
				VALIDATE_PRODUCT = YES;
			};
			name = Release;
		};
		3E1E06CE2822D24200B5A9D3 /* Debug */ = {
			isa = XCBuildConfiguration;
			buildSettings = {
				ASSETCATALOG_COMPILER_APPICON_NAME = AppIcon;
				ASSETCATALOG_COMPILER_GLOBAL_ACCENT_COLOR_NAME = AccentColor;
				CODE_SIGN_STYLE = Automatic;
				CURRENT_PROJECT_VERSION = 1;
				DEVELOPMENT_TEAM = 6R9469NYK4;
				GENERATE_INFOPLIST_FILE = YES;
				INFOPLIST_FILE = MedicalCardVersion2/Info.plist;
				INFOPLIST_KEY_UIApplicationSupportsIndirectInputEvents = YES;
				INFOPLIST_KEY_UILaunchStoryboardName = LaunchScreen;
				INFOPLIST_KEY_UIMainStoryboardFile = Main;
				INFOPLIST_KEY_UISupportedInterfaceOrientations = UIInterfaceOrientationPortrait;
				INFOPLIST_KEY_UISupportedInterfaceOrientations_iPad = "UIInterfaceOrientationPortrait UIInterfaceOrientationPortraitUpsideDown UIInterfaceOrientationLandscapeLeft UIInterfaceOrientationLandscapeRight";
				INFOPLIST_KEY_UISupportedInterfaceOrientations_iPhone = "UIInterfaceOrientationPortrait UIInterfaceOrientationLandscapeLeft UIInterfaceOrientationLandscapeRight";
				LD_RUNPATH_SEARCH_PATHS = (
					"$(inherited)",
					"@executable_path/Frameworks",
				);
				MARKETING_VERSION = 1.0;
				PRODUCT_BUNDLE_IDENTIFIER = vyach.gudzenko.MedicalCardVersion2;
				PRODUCT_NAME = "$(TARGET_NAME)";
				SWIFT_EMIT_LOC_STRINGS = YES;
				SWIFT_VERSION = 5.0;
				TARGETED_DEVICE_FAMILY = "1,2";
			};
			name = Debug;
		};
		3E1E06CF2822D24200B5A9D3 /* Release */ = {
			isa = XCBuildConfiguration;
			buildSettings = {
				ASSETCATALOG_COMPILER_APPICON_NAME = AppIcon;
				ASSETCATALOG_COMPILER_GLOBAL_ACCENT_COLOR_NAME = AccentColor;
				CODE_SIGN_STYLE = Automatic;
				CURRENT_PROJECT_VERSION = 1;
				DEVELOPMENT_TEAM = 6R9469NYK4;
				GENERATE_INFOPLIST_FILE = YES;
				INFOPLIST_FILE = MedicalCardVersion2/Info.plist;
				INFOPLIST_KEY_UIApplicationSupportsIndirectInputEvents = YES;
				INFOPLIST_KEY_UILaunchStoryboardName = LaunchScreen;
				INFOPLIST_KEY_UIMainStoryboardFile = Main;
				INFOPLIST_KEY_UISupportedInterfaceOrientations = UIInterfaceOrientationPortrait;
				INFOPLIST_KEY_UISupportedInterfaceOrientations_iPad = "UIInterfaceOrientationPortrait UIInterfaceOrientationPortraitUpsideDown UIInterfaceOrientationLandscapeLeft UIInterfaceOrientationLandscapeRight";
				INFOPLIST_KEY_UISupportedInterfaceOrientations_iPhone = "UIInterfaceOrientationPortrait UIInterfaceOrientationLandscapeLeft UIInterfaceOrientationLandscapeRight";
				LD_RUNPATH_SEARCH_PATHS = (
					"$(inherited)",
					"@executable_path/Frameworks",
				);
				MARKETING_VERSION = 1.0;
				PRODUCT_BUNDLE_IDENTIFIER = vyach.gudzenko.MedicalCardVersion2;
				PRODUCT_NAME = "$(TARGET_NAME)";
				SWIFT_EMIT_LOC_STRINGS = YES;
				SWIFT_VERSION = 5.0;
				TARGETED_DEVICE_FAMILY = "1,2";
			};
			name = Release;
		};
/* End XCBuildConfiguration section */

/* Begin XCConfigurationList section */
		3E1E06B42822D24100B5A9D3 /* Build configuration list for PBXProject "MedicalCardVersion2" */ = {
			isa = XCConfigurationList;
			buildConfigurations = (
				3E1E06CB2822D24200B5A9D3 /* Debug */,
				3E1E06CC2822D24200B5A9D3 /* Release */,
			);
			defaultConfigurationIsVisible = 0;
			defaultConfigurationName = Release;
		};
		3E1E06CD2822D24200B5A9D3 /* Build configuration list for PBXNativeTarget "MedicalCardVersion2" */ = {
			isa = XCConfigurationList;
			buildConfigurations = (
				3E1E06CE2822D24200B5A9D3 /* Debug */,
				3E1E06CF2822D24200B5A9D3 /* Release */,
			);
			defaultConfigurationIsVisible = 0;
			defaultConfigurationName = Release;
		};
/* End XCConfigurationList section */

/* Begin XCVersionGroup section */
		3E36CBD9284180F8009556A1 /* MedicalCardVersion2.xcdatamodeld */ = {
			isa = XCVersionGroup;
			children = (
				3E36CBDA284180F8009556A1 /* MedicalCardVersion2.xcdatamodel */,
			);
			currentVersion = 3E36CBDA284180F8009556A1 /* MedicalCardVersion2.xcdatamodel */;
			path = MedicalCardVersion2.xcdatamodeld;
			sourceTree = "<group>";
			versionGroupType = wrapper.xcdatamodel;
		};
/* End XCVersionGroup section */
	};
	rootObject = 3E1E06B12822D24100B5A9D3 /* Project object */;
}
